
Microsoft Visual Studio Solution File, Format Version 12.00
# Visual Studio Version 17
VisualStudioVersion = 17.7.34024.191
MinimumVisualStudioVersion = 10.0.40219.1
Project("{FAE04EC0-301F-11D3-BF4B-00C04F79EFBC}") = "PC1", "PC1\PC1.csproj", "{ECD0676D-843D-4BDB-835A-0F28A53668FA}"
EndProject
Global
	GlobalSection(SolutionConfigurationPlatforms) = preSolution
		Debug|Any CPU = Debug|Any CPU
		Release|Any CPU = Release|Any CPU
	EndGlobalSection
	GlobalSection(ProjectConfigurationPlatforms) = postSolution
		{ECD0676D-843D-4BDB-835A-0F28A53668FA}.Debug|Any CPU.ActiveCfg = Debug|Any CPU
		{ECD0676D-843D-4BDB-835A-0F28A53668FA}.Debug|Any CPU.Build.0 = Debug|Any CPU
		{ECD0676D-843D-4BDB-835A-0F28A53668FA}.Release|Any CPU.ActiveCfg = Release|Any CPU
		{ECD0676D-843D-4BDB-835A-0F28A53668FA}.Release|Any CPU.Build.0 = Release|Any CPU
	EndGlobalSection
	GlobalSection(SolutionProperties) = preSolution
		HideSolutionNode = FALSE
	EndGlobalSection
	GlobalSection(ExtensibilityGlobals) = postSolution
		SolutionGuid = {134C51DF-BB35-49FE-B221-350B0396D0DE}
	EndGlobalSection
EndGlobal
